
Microsoft Visual Studio Solution File, Format Version 12.00
# Visual Studio Version 16
VisualStudioVersion = 16.0.30011.22
MinimumVisualStudioVersion = 10.0.40219.1
Project("{9A19103F-16F7-4668-BE54-9A1E7A4F7556}") = "gasto.common", "gasto.common\gasto.common.csproj", "{517C3D51-B4A3-427D-912B-36B156AEC88B}"
EndProject
Project("{9A19103F-16F7-4668-BE54-9A1E7A4F7556}") = "gasto.web", "gasto.web\gasto.web.csproj", "{145C68B8-64E6-4A55-A0B4-50AC30B9E152}"
EndProject
Project("{9A19103F-16F7-4668-BE54-9A1E7A4F7556}") = "gasto.prism", "gasto.prism\gasto.prism\gasto.prism.csproj", "{730C2F16-3242-4400-9349-92FD4676C9E1}"
EndProject
Project("{FAE04EC0-301F-11D3-BF4B-00C04F79EFBC}") = "gasto.prism.Android", "gasto.prism\gasto.prism.Android\gasto.prism.Android.csproj", "{979D519C-659B-4997-8F6A-28C0C3A9957F}"
EndProject
Project("{FAE04EC0-301F-11D3-BF4B-00C04F79EFBC}") = "gasto.prism.iOS", "gasto.prism\gasto.prism.iOS\gasto.prism.iOS.csproj", "{EF13BC7B-E11B-42F9-8646-9EAAC1DE2182}"
EndProject
Project("{FAE04EC0-301F-11D3-BF4B-00C04F79EFBC}") = "gasto.cross.Android", "gasto.cross.Android\gasto.cross.Android.csproj", "{7FAF747A-7080-4102-B680-CC83355E7FFA}"
EndProject
Project("{FAE04EC0-301F-11D3-BF4B-00C04F79EFBC}") = "gasto.cross.iOS", "gasto.cross.iOS\gasto.cross.iOS.csproj", "{0C5D40C8-01B3-46D2-A5E2-33E0AB0387C3}"
EndProject
Global
	GlobalSection(SolutionConfigurationPlatforms) = preSolution
		Ad-Hoc|Any CPU = Ad-Hoc|Any CPU
		Ad-Hoc|iPhone = Ad-Hoc|iPhone
		Ad-Hoc|iPhoneSimulator = Ad-Hoc|iPhoneSimulator
		AppStore|Any CPU = AppStore|Any CPU
		AppStore|iPhone = AppStore|iPhone
		AppStore|iPhoneSimulator = AppStore|iPhoneSimulator
		Debug|Any CPU = Debug|Any CPU
		Debug|iPhone = Debug|iPhone
		Debug|iPhoneSimulator = Debug|iPhoneSimulator
		Release|Any CPU = Release|Any CPU
		Release|iPhone = Release|iPhone
		Release|iPhoneSimulator = Release|iPhoneSimulator
	EndGlobalSection
	GlobalSection(ProjectConfigurationPlatforms) = postSolution
		{517C3D51-B4A3-427D-912B-36B156AEC88B}.Ad-Hoc|Any CPU.ActiveCfg = Debug|Any CPU
		{517C3D51-B4A3-427D-912B-36B156AEC88B}.Ad-Hoc|Any CPU.Build.0 = Debug|Any CPU
		{517C3D51-B4A3-427D-912B-36B156AEC88B}.Ad-Hoc|iPhone.ActiveCfg = Debug|Any CPU
		{517C3D51-B4A3-427D-912B-36B156AEC88B}.Ad-Hoc|iPhone.Build.0 = Debug|Any CPU
		{517C3D51-B4A3-427D-912B-36B156AEC88B}.Ad-Hoc|iPhoneSimulator.ActiveCfg = Debug|Any CPU
		{517C3D51-B4A3-427D-912B-36B156AEC88B}.Ad-Hoc|iPhoneSimulator.Build.0 = Debug|Any CPU
		{517C3D51-B4A3-427D-912B-36B156AEC88B}.AppStore|Any CPU.ActiveCfg = Debug|Any CPU
		{517C3D51-B4A3-427D-912B-36B156AEC88B}.AppStore|Any CPU.Build.0 = Debug|Any CPU
		{517C3D51-B4A3-427D-912B-36B156AEC88B}.AppStore|iPhone.ActiveCfg = Debug|Any CPU
		{517C3D51-B4A3-427D-912B-36B156AEC88B}.AppStore|iPhone.Build.0 = Debug|Any CPU
		{517C3D51-B4A3-427D-912B-36B156AEC88B}.AppStore|iPhoneSimulator.ActiveCfg = Debug|Any CPU
		{517C3D51-B4A3-427D-912B-36B156AEC88B}.AppStore|iPhoneSimulator.Build.0 = Debug|Any CPU
		{517C3D51-B4A3-427D-912B-36B156AEC88B}.Debug|Any CPU.ActiveCfg = Debug|Any CPU
		{517C3D51-B4A3-427D-912B-36B156AEC88B}.Debug|Any CPU.Build.0 = Debug|Any CPU
		{517C3D51-B4A3-427D-912B-36B156AEC88B}.Debug|iPhone.ActiveCfg = Debug|Any CPU
		{517C3D51-B4A3-427D-912B-36B156AEC88B}.Debug|iPhone.Build.0 = Debug|Any CPU
		{517C3D51-B4A3-427D-912B-36B156AEC88B}.Debug|iPhoneSimulator.ActiveCfg = Debug|Any CPU
		{517C3D51-B4A3-427D-912B-36B156AEC88B}.Debug|iPhoneSimulator.Build.0 = Debug|Any CPU
		{517C3D51-B4A3-427D-912B-36B156AEC88B}.Release|Any CPU.ActiveCfg = Release|Any CPU
		{517C3D51-B4A3-427D-912B-36B156AEC88B}.Release|Any CPU.Build.0 = Release|Any CPU
		{517C3D51-B4A3-427D-912B-36B156AEC88B}.Release|iPhone.ActiveCfg = Release|Any CPU
		{517C3D51-B4A3-427D-912B-36B156AEC88B}.Release|iPhone.Build.0 = Release|Any CPU
		{517C3D51-B4A3-427D-912B-36B156AEC88B}.Release|iPhoneSimulator.ActiveCfg = Release|Any CPU
		{517C3D51-B4A3-427D-912B-36B156AEC88B}.Release|iPhoneSimulator.Build.0 = Release|Any CPU
		{145C68B8-64E6-4A55-A0B4-50AC30B9E152}.Ad-Hoc|Any CPU.ActiveCfg = Debug|Any CPU
		{145C68B8-64E6-4A55-A0B4-50AC30B9E152}.Ad-Hoc|Any CPU.Build.0 = Debug|Any CPU
		{145C68B8-64E6-4A55-A0B4-50AC30B9E152}.Ad-Hoc|iPhone.ActiveCfg = Debug|Any CPU
		{145C68B8-64E6-4A55-A0B4-50AC30B9E152}.Ad-Hoc|iPhone.Build.0 = Debug|Any CPU
		{145C68B8-64E6-4A55-A0B4-50AC30B9E152}.Ad-Hoc|iPhoneSimulator.ActiveCfg = Debug|Any CPU
		{145C68B8-64E6-4A55-A0B4-50AC30B9E152}.Ad-Hoc|iPhoneSimulator.Build.0 = Debug|Any CPU
		{145C68B8-64E6-4A55-A0B4-50AC30B9E152}.AppStore|Any CPU.ActiveCfg = Debug|Any CPU
		{145C68B8-64E6-4A55-A0B4-50AC30B9E152}.AppStore|Any CPU.Build.0 = Debug|Any CPU
		{145C68B8-64E6-4A55-A0B4-50AC30B9E152}.AppStore|iPhone.ActiveCfg = Debug|Any CPU
		{145C68B8-64E6-4A55-A0B4-50AC30B9E152}.AppStore|iPhone.Build.0 = Debug|Any CPU
		{145C68B8-64E6-4A55-A0B4-50AC30B9E152}.AppStore|iPhoneSimulator.ActiveCfg = Debug|Any CPU
		{145C68B8-64E6-4A55-A0B4-50AC30B9E152}.AppStore|iPhoneSimulator.Build.0 = Debug|Any CPU
		{145C68B8-64E6-4A55-A0B4-50AC30B9E152}.Debug|Any CPU.ActiveCfg = Debug|Any CPU
		{145C68B8-64E6-4A55-A0B4-50AC30B9E152}.Debug|Any CPU.Build.0 = Debug|Any CPU
		{145C68B8-64E6-4A55-A0B4-50AC30B9E152}.Debug|iPhone.ActiveCfg = Debug|Any CPU
		{145C68B8-64E6-4A55-A0B4-50AC30B9E152}.Debug|iPhone.Build.0 = Debug|Any CPU
		{145C68B8-64E6-4A55-A0B4-50AC30B9E152}.Debug|iPhoneSimulator.ActiveCfg = Debug|Any CPU
		{145C68B8-64E6-4A55-A0B4-50AC30B9E152}.Debug|iPhoneSimulator.Build.0 = Debug|Any CPU
		{145C68B8-64E6-4A55-A0B4-50AC30B9E152}.Release|Any CPU.ActiveCfg = Release|Any CPU
		{145C68B8-64E6-4A55-A0B4-50AC30B9E152}.Release|Any CPU.Build.0 = Release|Any CPU
		{145C68B8-64E6-4A55-A0B4-50AC30B9E152}.Release|iPhone.ActiveCfg = Release|Any CPU
		{145C68B8-64E6-4A55-A0B4-50AC30B9E152}.Release|iPhone.Build.0 = Release|Any CPU
		{145C68B8-64E6-4A55-A0B4-50AC30B9E152}.Release|iPhoneSimulator.ActiveCfg = Release|Any CPU
		{145C68B8-64E6-4A55-A0B4-50AC30B9E152}.Release|iPhoneSimulator.Build.0 = Release|Any CPU
		{730C2F16-3242-4400-9349-92FD4676C9E1}.Ad-Hoc|Any CPU.ActiveCfg = Debug|Any CPU
		{730C2F16-3242-4400-9349-92FD4676C9E1}.Ad-Hoc|Any CPU.Build.0 = Debug|Any CPU
		{730C2F16-3242-4400-9349-92FD4676C9E1}.Ad-Hoc|iPhone.ActiveCfg = Debug|Any CPU
		{730C2F16-3242-4400-9349-92FD4676C9E1}.Ad-Hoc|iPhone.Build.0 = Debug|Any CPU
		{730C2F16-3242-4400-9349-92FD4676C9E1}.Ad-Hoc|iPhoneSimulator.ActiveCfg = Debug|Any CPU
		{730C2F16-3242-4400-9349-92FD4676C9E1}.Ad-Hoc|iPhoneSimulator.Build.0 = Debug|Any CPU
		{730C2F16-3242-4400-9349-92FD4676C9E1}.AppStore|Any CPU.ActiveCfg = Debug|Any CPU
		{730C2F16-3242-4400-9349-92FD4676C9E1}.AppStore|Any CPU.Build.0 = Debug|Any CPU
		{730C2F16-3242-4400-9349-92FD4676C9E1}.AppStore|iPhone.ActiveCfg = Debug|Any CPU
		{730C2F16-3242-4400-9349-92FD4676C9E1}.AppStore|iPhone.Build.0 = Debug|Any CPU
		{730C2F16-3242-4400-9349-92FD4676C9E1}.AppStore|iPhoneSimulator.ActiveCfg = Debug|Any CPU
		{730C2F16-3242-4400-9349-92FD4676C9E1}.AppStore|iPhoneSimulator.Build.0 = Debug|Any CPU
		{730C2F16-3242-4400-9349-92FD4676C9E1}.Debug|Any CPU.ActiveCfg = Debug|Any CPU
		{730C2F16-3242-4400-9349-92FD4676C9E1}.Debug|Any CPU.Build.0 = Debug|Any CPU
		{730C2F16-3242-4400-9349-92FD4676C9E1}.Debug|iPhone.ActiveCfg = Debug|Any CPU
		{730C2F16-3242-4400-9349-92FD4676C9E1}.Debug|iPhone.Build.0 = Debug|Any CPU
		{730C2F16-3242-4400-9349-92FD4676C9E1}.Debug|iPhoneSimulator.ActiveCfg = Debug|Any CPU
		{730C2F16-3242-4400-9349-92FD4676C9E1}.Debug|iPhoneSimulator.Build.0 = Debug|Any CPU
		{730C2F16-3242-4400-9349-92FD4676C9E1}.Release|Any CPU.ActiveCfg = Release|Any CPU
		{730C2F16-3242-4400-9349-92FD4676C9E1}.Release|Any CPU.Build.0 = Release|Any CPU
		{730C2F16-3242-4400-9349-92FD4676C9E1}.Release|iPhone.ActiveCfg = Release|Any CPU
		{730C2F16-3242-4400-9349-92FD4676C9E1}.Release|iPhone.Build.0 = Release|Any CPU
		{730C2F16-3242-4400-9349-92FD4676C9E1}.Release|iPhoneSimulator.ActiveCfg = Release|Any CPU
		{730C2F16-3242-4400-9349-92FD4676C9E1}.Release|iPhoneSimulator.Build.0 = Release|Any CPU
		{979D519C-659B-4997-8F6A-28C0C3A9957F}.Ad-Hoc|Any CPU.ActiveCfg = Release|Any CPU
		{979D519C-659B-4997-8F6A-28C0C3A9957F}.Ad-Hoc|Any CPU.Build.0 = Release|Any CPU
		{979D519C-659B-4997-8F6A-28C0C3A9957F}.Ad-Hoc|Any CPU.Deploy.0 = Release|Any CPU
		{979D519C-659B-4997-8F6A-28C0C3A9957F}.Ad-Hoc|iPhone.ActiveCfg = Release|Any CPU
		{979D519C-659B-4997-8F6A-28C0C3A9957F}.Ad-Hoc|iPhone.Build.0 = Release|Any CPU
		{979D519C-659B-4997-8F6A-28C0C3A9957F}.Ad-Hoc|iPhone.Deploy.0 = Release|Any CPU
		{979D519C-659B-4997-8F6A-28C0C3A9957F}.Ad-Hoc|iPhoneSimulator.ActiveCfg = Release|Any CPU
		{979D519C-659B-4997-8F6A-28C0C3A9957F}.Ad-Hoc|iPhoneSimulator.Build.0 = Release|Any CPU
		{979D519C-659B-4997-8F6A-28C0C3A9957F}.Ad-Hoc|iPhoneSimulator.Deploy.0 = Release|Any CPU
		{979D519C-659B-4997-8F6A-28C0C3A9957F}.AppStore|Any CPU.ActiveCfg = Release|Any CPU
		{979D519C-659B-4997-8F6A-28C0C3A9957F}.AppStore|Any CPU.Build.0 = Release|Any CPU
		{979D519C-659B-4997-8F6A-28C0C3A9957F}.AppStore|Any CPU.Deploy.0 = Release|Any CPU
		{979D519C-659B-4997-8F6A-28C0C3A9957F}.AppStore|iPhone.ActiveCfg = Release|Any CPU
		{979D519C-659B-4997-8F6A-28C0C3A9957F}.AppStore|iPhone.Build.0 = Release|Any CPU
		{979D519C-659B-4997-8F6A-28C0C3A9957F}.AppStore|iPhone.Deploy.0 = Release|Any CPU
		{979D519C-659B-4997-8F6A-28C0C3A9957F}.AppStore|iPhoneSimulator.ActiveCfg = Release|Any CPU
		{979D519C-659B-4997-8F6A-28C0C3A9957F}.AppStore|iPhoneSimulator.Build.0 = Release|Any CPU
		{979D519C-659B-4997-8F6A-28C0C3A9957F}.AppStore|iPhoneSimulator.Deploy.0 = Release|Any CPU
		{979D519C-659B-4997-8F6A-28C0C3A9957F}.Debug|Any CPU.ActiveCfg = Debug|Any CPU
		{979D519C-659B-4997-8F6A-28C0C3A9957F}.Debug|Any CPU.Build.0 = Debug|Any CPU
		{979D519C-659B-4997-8F6A-28C0C3A9957F}.Debug|Any CPU.Deploy.0 = Debug|Any CPU
		{979D519C-659B-4997-8F6A-28C0C3A9957F}.Debug|iPhone.ActiveCfg = Debug|Any CPU
		{979D519C-659B-4997-8F6A-28C0C3A9957F}.Debug|iPhone.Build.0 = Debug|Any CPU
		{979D519C-659B-4997-8F6A-28C0C3A9957F}.Debug|iPhone.Deploy.0 = Debug|Any CPU
		{979D519C-659B-4997-8F6A-28C0C3A9957F}.Debug|iPhoneSimulator.ActiveCfg = Debug|Any CPU
		{979D519C-659B-4997-8F6A-28C0C3A9957F}.Debug|iPhoneSimulator.Build.0 = Debug|Any CPU
		{979D519C-659B-4997-8F6A-28C0C3A9957F}.Debug|iPhoneSimulator.Deploy.0 = Debug|Any CPU
		{979D519C-659B-4997-8F6A-28C0C3A9957F}.Release|Any CPU.ActiveCfg = Release|Any CPU
		{979D519C-659B-4997-8F6A-28C0C3A9957F}.Release|Any CPU.Build.0 = Release|Any CPU
		{979D519C-659B-4997-8F6A-28C0C3A9957F}.Release|Any CPU.Deploy.0 = Release|Any CPU
		{979D519C-659B-4997-8F6A-28C0C3A9957F}.Release|iPhone.ActiveCfg = Release|Any CPU
		{979D519C-659B-4997-8F6A-28C0C3A9957F}.Release|iPhone.Build.0 = Release|Any CPU
		{979D519C-659B-4997-8F6A-28C0C3A9957F}.Release|iPhone.Deploy.0 = Release|Any CPU
		{979D519C-659B-4997-8F6A-28C0C3A9957F}.Release|iPhoneSimulator.ActiveCfg = Release|Any CPU
		{979D519C-659B-4997-8F6A-28C0C3A9957F}.Release|iPhoneSimulator.Build.0 = Release|Any CPU
		{979D519C-659B-4997-8F6A-28C0C3A9957F}.Release|iPhoneSimulator.Deploy.0 = Release|Any CPU
		{EF13BC7B-E11B-42F9-8646-9EAAC1DE2182}.Ad-Hoc|Any CPU.ActiveCfg = Ad-Hoc|iPhone
		{EF13BC7B-E11B-42F9-8646-9EAAC1DE2182}.Ad-Hoc|iPhone.ActiveCfg = Ad-Hoc|iPhone
		{EF13BC7B-E11B-42F9-8646-9EAAC1DE2182}.Ad-Hoc|iPhone.Build.0 = Ad-Hoc|iPhone
		{EF13BC7B-E11B-42F9-8646-9EAAC1DE2182}.Ad-Hoc|iPhoneSimulator.ActiveCfg = Ad-Hoc|iPhoneSimulator
		{EF13BC7B-E11B-42F9-8646-9EAAC1DE2182}.Ad-Hoc|iPhoneSimulator.Build.0 = Ad-Hoc|iPhoneSimulator
		{EF13BC7B-E11B-42F9-8646-9EAAC1DE2182}.AppStore|Any CPU.ActiveCfg = AppStore|iPhone
		{EF13BC7B-E11B-42F9-8646-9EAAC1DE2182}.AppStore|iPhone.ActiveCfg = AppStore|iPhone
		{EF13BC7B-E11B-42F9-8646-9EAAC1DE2182}.AppStore|iPhone.Build.0 = AppStore|iPhone
		{EF13BC7B-E11B-42F9-8646-9EAAC1DE2182}.AppStore|iPhoneSimulator.ActiveCfg = AppStore|iPhoneSimulator
		{EF13BC7B-E11B-42F9-8646-9EAAC1DE2182}.AppStore|iPhoneSimulator.Build.0 = AppStore|iPhoneSimulator
		{EF13BC7B-E11B-42F9-8646-9EAAC1DE2182}.Debug|Any CPU.ActiveCfg = Debug|iPhone
		{EF13BC7B-E11B-42F9-8646-9EAAC1DE2182}.Debug|iPhone.ActiveCfg = Debug|iPhone
		{EF13BC7B-E11B-42F9-8646-9EAAC1DE2182}.Debug|iPhone.Build.0 = Debug|iPhone
		{EF13BC7B-E11B-42F9-8646-9EAAC1DE2182}.Debug|iPhoneSimulator.ActiveCfg = Debug|iPhoneSimulator
		{EF13BC7B-E11B-42F9-8646-9EAAC1DE2182}.Debug|iPhoneSimulator.Build.0 = Debug|iPhoneSimulator
		{EF13BC7B-E11B-42F9-8646-9EAAC1DE2182}.Release|Any CPU.ActiveCfg = Release|iPhone
		{EF13BC7B-E11B-42F9-8646-9EAAC1DE2182}.Release|iPhone.ActiveCfg = Release|iPhone
		{EF13BC7B-E11B-42F9-8646-9EAAC1DE2182}.Release|iPhone.Build.0 = Release|iPhone
		{EF13BC7B-E11B-42F9-8646-9EAAC1DE2182}.Release|iPhoneSimulator.ActiveCfg = Release|iPhoneSimulator
		{EF13BC7B-E11B-42F9-8646-9EAAC1DE2182}.Release|iPhoneSimulator.Build.0 = Release|iPhoneSimulator
		{7FAF747A-7080-4102-B680-CC83355E7FFA}.Ad-Hoc|Any CPU.ActiveCfg = Release|Any CPU
		{7FAF747A-7080-4102-B680-CC83355E7FFA}.Ad-Hoc|Any CPU.Build.0 = Release|Any CPU
		{7FAF747A-7080-4102-B680-CC83355E7FFA}.Ad-Hoc|Any CPU.Deploy.0 = Release|Any CPU
		{7FAF747A-7080-4102-B680-CC83355E7FFA}.Ad-Hoc|iPhone.ActiveCfg = Release|Any CPU
		{7FAF747A-7080-4102-B680-CC83355E7FFA}.Ad-Hoc|iPhone.Build.0 = Release|Any CPU
		{7FAF747A-7080-4102-B680-CC83355E7FFA}.Ad-Hoc|iPhone.Deploy.0 = Release|Any CPU
		{7FAF747A-7080-4102-B680-CC83355E7FFA}.Ad-Hoc|iPhoneSimulator.ActiveCfg = Release|Any CPU
		{7FAF747A-7080-4102-B680-CC83355E7FFA}.Ad-Hoc|iPhoneSimulator.Build.0 = Release|Any CPU
		{7FAF747A-7080-4102-B680-CC83355E7FFA}.Ad-Hoc|iPhoneSimulator.Deploy.0 = Release|Any CPU
		{7FAF747A-7080-4102-B680-CC83355E7FFA}.AppStore|Any CPU.ActiveCfg = Release|Any CPU
		{7FAF747A-7080-4102-B680-CC83355E7FFA}.AppStore|Any CPU.Build.0 = Release|Any CPU
		{7FAF747A-7080-4102-B680-CC83355E7FFA}.AppStore|Any CPU.Deploy.0 = Release|Any CPU
		{7FAF747A-7080-4102-B680-CC83355E7FFA}.AppStore|iPhone.ActiveCfg = Release|Any CPU
		{7FAF747A-7080-4102-B680-CC83355E7FFA}.AppStore|iPhone.Build.0 = Release|Any CPU
		{7FAF747A-7080-4102-B680-CC83355E7FFA}.AppStore|iPhone.Deploy.0 = Release|Any CPU
		{7FAF747A-7080-4102-B680-CC83355E7FFA}.AppStore|iPhoneSimulator.ActiveCfg = Release|Any CPU
		{7FAF747A-7080-4102-B680-CC83355E7FFA}.AppStore|iPhoneSimulator.Build.0 = Release|Any CPU
		{7FAF747A-7080-4102-B680-CC83355E7FFA}.AppStore|iPhoneSimulator.Deploy.0 = Release|Any CPU
		{7FAF747A-7080-4102-B680-CC83355E7FFA}.Debug|Any CPU.ActiveCfg = Debug|Any CPU
		{7FAF747A-7080-4102-B680-CC83355E7FFA}.Debug|Any CPU.Build.0 = Debug|Any CPU
		{7FAF747A-7080-4102-B680-CC83355E7FFA}.Debug|Any CPU.Deploy.0 = Debug|Any CPU
		{7FAF747A-7080-4102-B680-CC83355E7FFA}.Debug|iPhone.ActiveCfg = Debug|Any CPU
		{7FAF747A-7080-4102-B680-CC83355E7FFA}.Debug|iPhone.Build.0 = Debug|Any CPU
		{7FAF747A-7080-4102-B680-CC83355E7FFA}.Debug|iPhone.Deploy.0 = Debug|Any CPU
		{7FAF747A-7080-4102-B680-CC83355E7FFA}.Debug|iPhoneSimulator.ActiveCfg = Debug|Any CPU
		{7FAF747A-7080-4102-B680-CC83355E7FFA}.Debug|iPhoneSimulator.Build.0 = Debug|Any CPU
		{7FAF747A-7080-4102-B680-CC83355E7FFA}.Debug|iPhoneSimulator.Deploy.0 = Debug|Any CPU
		{7FAF747A-7080-4102-B680-CC83355E7FFA}.Release|Any CPU.ActiveCfg = Release|Any CPU
		{7FAF747A-7080-4102-B680-CC83355E7FFA}.Release|Any CPU.Build.0 = Release|Any CPU
		{7FAF747A-7080-4102-B680-CC83355E7FFA}.Release|Any CPU.Deploy.0 = Release|Any CPU
		{7FAF747A-7080-4102-B680-CC83355E7FFA}.Release|iPhone.ActiveCfg = Release|Any CPU
		{7FAF747A-7080-4102-B680-CC83355E7FFA}.Release|iPhone.Build.0 = Release|Any CPU
		{7FAF747A-7080-4102-B680-CC83355E7FFA}.Release|iPhone.Deploy.0 = Release|Any CPU
		{7FAF747A-7080-4102-B680-CC83355E7FFA}.Release|iPhoneSimulator.ActiveCfg = Release|Any CPU
		{7FAF747A-7080-4102-B680-CC83355E7FFA}.Release|iPhoneSimulator.Build.0 = Release|Any CPU
		{7FAF747A-7080-4102-B680-CC83355E7FFA}.Release|iPhoneSimulator.Deploy.0 = Release|Any CPU
		{0C5D40C8-01B3-46D2-A5E2-33E0AB0387C3}.Ad-Hoc|Any CPU.ActiveCfg = Release|iPhone
		{0C5D40C8-01B3-46D2-A5E2-33E0AB0387C3}.Ad-Hoc|Any CPU.Build.0 = Release|iPhone
		{0C5D40C8-01B3-46D2-A5E2-33E0AB0387C3}.Ad-Hoc|iPhone.ActiveCfg = Release|iPhone
		{0C5D40C8-01B3-46D2-A5E2-33E0AB0387C3}.Ad-Hoc|iPhone.Build.0 = Release|iPhone
		{0C5D40C8-01B3-46D2-A5E2-33E0AB0387C3}.Ad-Hoc|iPhoneSimulator.ActiveCfg = Release|iPhoneSimulator
		{0C5D40C8-01B3-46D2-A5E2-33E0AB0387C3}.Ad-Hoc|iPhoneSimulator.Build.0 = Release|iPhoneSimulator
		{0C5D40C8-01B3-46D2-A5E2-33E0AB0387C3}.AppStore|Any CPU.ActiveCfg = Release|iPhone
		{0C5D40C8-01B3-46D2-A5E2-33E0AB0387C3}.AppStore|Any CPU.Build.0 = Release|iPhone
		{0C5D40C8-01B3-46D2-A5E2-33E0AB0387C3}.AppStore|iPhone.ActiveCfg = Release|iPhone
		{0C5D40C8-01B3-46D2-A5E2-33E0AB0387C3}.AppStore|iPhone.Build.0 = Release|iPhone
		{0C5D40C8-01B3-46D2-A5E2-33E0AB0387C3}.AppStore|iPhoneSimulator.ActiveCfg = Release|iPhoneSimulator
		{0C5D40C8-01B3-46D2-A5E2-33E0AB0387C3}.AppStore|iPhoneSimulator.Build.0 = Release|iPhoneSimulator
		{0C5D40C8-01B3-46D2-A5E2-33E0AB0387C3}.Debug|Any CPU.ActiveCfg = Debug|iPhone
		{0C5D40C8-01B3-46D2-A5E2-33E0AB0387C3}.Debug|iPhone.ActiveCfg = Debug|iPhone
		{0C5D40C8-01B3-46D2-A5E2-33E0AB0387C3}.Debug|iPhone.Build.0 = Debug|iPhone
		{0C5D40C8-01B3-46D2-A5E2-33E0AB0387C3}.Debug|iPhoneSimulator.ActiveCfg = Debug|iPhoneSimulator
		{0C5D40C8-01B3-46D2-A5E2-33E0AB0387C3}.Debug|iPhoneSimulator.Build.0 = Debug|iPhoneSimulator
		{0C5D40C8-01B3-46D2-A5E2-33E0AB0387C3}.Release|Any CPU.ActiveCfg = Release|iPhone
		{0C5D40C8-01B3-46D2-A5E2-33E0AB0387C3}.Release|iPhone.ActiveCfg = Release|iPhone
		{0C5D40C8-01B3-46D2-A5E2-33E0AB0387C3}.Release|iPhone.Build.0 = Release|iPhone
		{0C5D40C8-01B3-46D2-A5E2-33E0AB0387C3}.Release|iPhoneSimulator.ActiveCfg = Release|iPhoneSimulator
		{0C5D40C8-01B3-46D2-A5E2-33E0AB0387C3}.Release|iPhoneSimulator.Build.0 = Release|iPhoneSimulator
	EndGlobalSection
	GlobalSection(SolutionProperties) = preSolution
		HideSolutionNode = FALSE
	EndGlobalSection
	GlobalSection(ExtensibilityGlobals) = postSolution
		SolutionGuid = {DF77CE12-CC2D-47D1-972C-30C4AA40240E}
	EndGlobalSection
EndGlobal
