
Microsoft Visual Studio Solution File, Format Version 12.00
# Visual Studio Version 16
VisualStudioVersion = 16.0.30011.22
MinimumVisualStudioVersion = 10.0.40219.1
Project("{FAE04EC0-301F-11D3-BF4B-00C04F79EFBC}") = "Test3", "Test3\Test3\Test3.csproj", "{56DEA82B-AE67-437E-9312-9C5D3173FD06}"
EndProject
Project("{FAE04EC0-301F-11D3-BF4B-00C04F79EFBC}") = "Test3.Android", "Test3\Test3.Android\Test3.Android.csproj", "{9AD6B60B-ACD3-46EC-838C-CB35CA46DDCE}"
EndProject
Global
	GlobalSection(SolutionConfigurationPlatforms) = preSolution
		Debug|Any CPU = Debug|Any CPU
		Release|Any CPU = Release|Any CPU
	EndGlobalSection
	GlobalSection(ProjectConfigurationPlatforms) = postSolution
		{56DEA82B-AE67-437E-9312-9C5D3173FD06}.Debug|Any CPU.ActiveCfg = Debug|Any CPU
		{56DEA82B-AE67-437E-9312-9C5D3173FD06}.Debug|Any CPU.Build.0 = Debug|Any CPU
		{56DEA82B-AE67-437E-9312-9C5D3173FD06}.Release|Any CPU.ActiveCfg = Release|Any CPU
		{56DEA82B-AE67-437E-9312-9C5D3173FD06}.Release|Any CPU.Build.0 = Release|Any CPU
		{9AD6B60B-ACD3-46EC-838C-CB35CA46DDCE}.Debug|Any CPU.ActiveCfg = Debug|Any CPU
		{9AD6B60B-ACD3-46EC-838C-CB35CA46DDCE}.Debug|Any CPU.Build.0 = Debug|Any CPU
		{9AD6B60B-ACD3-46EC-838C-CB35CA46DDCE}.Debug|Any CPU.Deploy.0 = Debug|Any CPU
		{9AD6B60B-ACD3-46EC-838C-CB35CA46DDCE}.Release|Any CPU.ActiveCfg = Release|Any CPU
		{9AD6B60B-ACD3-46EC-838C-CB35CA46DDCE}.Release|Any CPU.Build.0 = Release|Any CPU
		{9AD6B60B-ACD3-46EC-838C-CB35CA46DDCE}.Release|Any CPU.Deploy.0 = Release|Any CPU
	EndGlobalSection
	GlobalSection(SolutionProperties) = preSolution
		HideSolutionNode = FALSE
	EndGlobalSection
	GlobalSection(ExtensibilityGlobals) = postSolution
		SolutionGuid = {F7D3E840-F4C3-409B-8290-758EA553E167}
	EndGlobalSection
EndGlobal
